
Microsoft Visual Studio Solution File, Format Version 12.00
# Visual Studio Version 17
VisualStudioVersion = 17.4.33403.182
MinimumVisualStudioVersion = 10.0.40219.1
Project("{FAE04EC0-301F-11D3-BF4B-00C04F79EFBC}") = "ZooManager", "ZooManager\ZooManager.csproj", "{C4FD8D34-7913-4DCA-A88F-D5BD5285E6CA}"
EndProject
Global
	GlobalSection(SolutionConfigurationPlatforms) = preSolution
		Debug|Any CPU = Debug|Any CPU
		Release|Any CPU = Release|Any CPU
	EndGlobalSection
	GlobalSection(ProjectConfigurationPlatforms) = postSolution
		{C4FD8D34-7913-4DCA-A88F-D5BD5285E6CA}.Debug|Any CPU.ActiveCfg = Debug|Any CPU
		{C4FD8D34-7913-4DCA-A88F-D5BD5285E6CA}.Debug|Any CPU.Build.0 = Debug|Any CPU
		{C4FD8D34-7913-4DCA-A88F-D5BD5285E6CA}.Release|Any CPU.ActiveCfg = Release|Any CPU
		{C4FD8D34-7913-4DCA-A88F-D5BD5285E6CA}.Release|Any CPU.Build.0 = Release|Any CPU
	EndGlobalSection
	GlobalSection(SolutionProperties) = preSolution
		HideSolutionNode = FALSE
	EndGlobalSection
	GlobalSection(ExtensibilityGlobals) = postSolution
		SolutionGuid = {C4475C7D-9314-4097-84AF-7E9C4C6F3D6B}
	EndGlobalSection
EndGlobal
